// !$*UTF8*$!
{
	archiveVersion = 1;
	classes = {
	};
	objectVersion = 50;
	objects = {

/* Begin PBXBuildFile section */
		FF63B4D125C1F579006C5873 /* AppDelegate.swift in Sources */ = {isa = PBXBuildFile; fileRef = FF63B4D025C1F579006C5873 /* AppDelegate.swift */; };
		FF63B4D325C1F579006C5873 /* SceneDelegate.swift in Sources */ = {isa = PBXBuildFile; fileRef = FF63B4D225C1F579006C5873 /* SceneDelegate.swift */; };
		FF63B4D525C1F579006C5873 /* ViewController.swift in Sources */ = {isa = PBXBuildFile; fileRef = FF63B4D425C1F579006C5873 /* ViewController.swift */; };
		FF63B4D825C1F579006C5873 /* Main.storyboard in Resources */ = {isa = PBXBuildFile; fileRef = FF63B4D625C1F579006C5873 /* Main.storyboard */; };
		FF63B4DA25C1F57C006C5873 /* Assets.xcassets in Resources */ = {isa = PBXBuildFile; fileRef = FF63B4D925C1F57C006C5873 /* Assets.xcassets */; };
		FF63B4DD25C1F57C006C5873 /* LaunchScreen.storyboard in Resources */ = {isa = PBXBuildFile; fileRef = FF63B4DB25C1F57C006C5873 /* LaunchScreen.storyboard */; };
/* End PBXBuildFile section */

/* Begin PBXFileReference section */
		FF63B4CD25C1F579006C5873 /* Lesson 1 TrafficLights.app */ = {isa = PBXFileReference; explicitFileType = wrapper.application; includeInIndex = 0; path = "Lesson 1 TrafficLights.app"; sourceTree = BUILT_PRODUCTS_DIR; };
		FF63B4D025C1F579006C5873 /* AppDelegate.swift */ = {isa = PBXFileReference; lastKnownFileType = sourcecode.swift; path = AppDelegate.swift; sourceTree = "<group>"; };
		FF63B4D225C1F579006C5873 /* SceneDelegate.swift */ = {isa = PBXFileReference; lastKnownFileType = sourcecode.swift; path = SceneDelegate.swift; sourceTree = "<group>"; };
		FF63B4D425C1F579006C5873 /* ViewController.swift */ = {isa = PBXFileReference; lastKnownFileType = sourcecode.swift; path = ViewController.swift; sourceTree = "<group>"; };
		FF63B4D725C1F579006C5873 /* Base */ = {isa = PBXFileReference; lastKnownFileType = file.storyboard; name = Base; path = Base.lproj/Main.storyboard; sourceTree = "<group>"; };
		FF63B4D925C1F57C006C5873 /* Assets.xcassets */ = {isa = PBXFileReference; lastKnownFileType = folder.assetcatalog; path = Assets.xcassets; sourceTree = "<group>"; };
		FF63B4DC25C1F57C006C5873 /* Base */ = {isa = PBXFileReference; lastKnownFileType = file.storyboard; name = Base; path = Base.lproj/LaunchScreen.storyboard; sourceTree = "<group>"; };
		FF63B4DE25C1F57C006C5873 /* Info.plist */ = {isa = PBXFileReference; lastKnownFileType = text.plist.xml; path = Info.plist; sourceTree = "<group>"; };
/* End PBXFileReference section */

/* Begin PBXFrameworksBuildPhase section */
		FF63B4CA25C1F579006C5873 /* Frameworks */ = {
			isa = PBXFrameworksBuildPhase;
			buildActionMask = 2147483647;
			files = (
			);
			runOnlyForDeploymentPostprocessing = 0;
		};
/* End PBXFrameworksBuildPhase section */

/* Begin PBXGroup section */
		FF63B4C425C1F579006C5873 = {
			isa = PBXGroup;
			children = (
				FF63B4CF25C1F579006C5873 /* Lesson 1 TrafficLights */,
				FF63B4CE25C1F579006C5873 /* Products */,
			);
			sourceTree = "<group>";
		};
		FF63B4CE25C1F579006C5873 /* Products */ = {
			isa = PBXGroup;
			children = (
				FF63B4CD25C1F579006C5873 /* Lesson 1 TrafficLights.app */,
			);
			name = Products;
			sourceTree = "<group>";
		};
		FF63B4CF25C1F579006C5873 /* Lesson 1 TrafficLights */ = {
			isa = PBXGroup;
			children = (
				FF63B4D025C1F579006C5873 /* AppDelegate.swift */,
				FF63B4D225C1F579006C5873 /* SceneDelegate.swift */,
				FF63B4D425C1F579006C5873 /* ViewController.swift */,
				FF63B4D625C1F579006C5873 /* Main.storyboard */,
				FF63B4D925C1F57C006C5873 /* Assets.xcassets */,
				FF63B4DB25C1F57C006C5873 /* LaunchScreen.storyboard */,
				FF63B4DE25C1F57C006C5873 /* Info.plist */,
			);
			path = "Lesson 1 TrafficLights";
			sourceTree = "<group>";
		};
/* End PBXGroup section */

/* Begin PBXNativeTarget section */
		FF63B4CC25C1F579006C5873 /* Lesson 1 TrafficLights */ = {
			isa = PBXNativeTarget;
			buildConfigurationList = FF63B4E125C1F57C006C5873 /* Build configuration list for PBXNativeTarget "Lesson 1 TrafficLights" */;
			buildPhases = (
				FF63B4C925C1F579006C5873 /* Sources */,
				FF63B4CA25C1F579006C5873 /* Frameworks */,
				FF63B4CB25C1F579006C5873 /* Resources */,
			);
			buildRules = (
			);
			dependencies = (
			);
			name = "Lesson 1 TrafficLights";
			productName = "Lesson 1 TrafficLights";
			productReference = FF63B4CD25C1F579006C5873 /* Lesson 1 TrafficLights.app */;
			productType = "com.apple.product-type.application";
		};
/* End PBXNativeTarget section */

/* Begin PBXProject section */
		FF63B4C525C1F579006C5873 /* Project object */ = {
			isa = PBXProject;
			attributes = {
				LastSwiftUpdateCheck = 1220;
				LastUpgradeCheck = 1220;
				TargetAttributes = {
					FF63B4CC25C1F579006C5873 = {
						CreatedOnToolsVersion = 12.2;
					};
				};
			};
			buildConfigurationList = FF63B4C825C1F579006C5873 /* Build configuration list for PBXProject "Lesson 1 TrafficLights" */;
			compatibilityVersion = "Xcode 9.3";
			developmentRegion = en;
			hasScannedForEncodings = 0;
			knownRegions = (
				en,
				Base,
			);
			mainGroup = FF63B4C425C1F579006C5873;
			productRefGroup = FF63B4CE25C1F579006C5873 /* Products */;
			projectDirPath = "";
			projectRoot = "";
			targets = (
				FF63B4CC25C1F579006C5873 /* Lesson 1 TrafficLights */,
			);
		};
/* End PBXProject section */

/* Begin PBXResourcesBuildPhase section */
		FF63B4CB25C1F579006C5873 /* Resources */ = {
			isa = PBXResourcesBuildPhase;
			buildActionMask = 2147483647;
			files = (
				FF63B4DD25C1F57C006C5873 /* LaunchScreen.storyboard in Resources */,
				FF63B4DA25C1F57C006C5873 /* Assets.xcassets in Resources */,
				FF63B4D825C1F579006C5873 /* Main.storyboard in Resources */,
			);
			runOnlyForDeploymentPostprocessing = 0;
		};
/* End PBXResourcesBuildPhase section */

/* Begin PBXSourcesBuildPhase section */
		FF63B4C925C1F579006C5873 /* Sources */ = {
			isa = PBXSourcesBuildPhase;
			buildActionMask = 2147483647;
			files = (
				FF63B4D525C1F579006C5873 /* ViewController.swift in Sources */,
				FF63B4D125C1F579006C5873 /* AppDelegate.swift in Sources */,
				FF63B4D325C1F579006C5873 /* SceneDelegate.swift in Sources */,
			);
			runOnlyForDeploymentPostprocessing = 0;
		};
/* End PBXSourcesBuildPhase section */

/* Begin PBXVariantGroup section */
		FF63B4D625C1F579006C5873 /* Main.storyboard */ = {
			isa = PBXVariantGroup;
			children = (
				FF63B4D725C1F579006C5873 /* Base */,
			);
			name = Main.storyboard;
			sourceTree = "<group>";
		};
		FF63B4DB25C1F57C006C5873 /* LaunchScreen.storyboard */ = {
			isa = PBXVariantGroup;
			children = (
				FF63B4DC25C1F57C006C5873 /* Base */,
			);
			name = LaunchScreen.storyboard;
			sourceTree = "<group>";
		};
/* End PBXVariantGroup section */

/* Begin XCBuildConfiguration section */
		FF63B4DF25C1F57C006C5873 /* Debug */ = {
			isa = XCBuildConfiguration;
			buildSettings = {
				ALWAYS_SEARCH_USER_PATHS = NO;
				CLANG_ANALYZER_NONNULL = YES;
				CLANG_ANALYZER_NUMBER_OBJECT_CONVERSION = YES_AGGRESSIVE;
				CLANG_CXX_LANGUAGE_STANDARD = "gnu++14";
				CLANG_CXX_LIBRARY = "libc++";
				CLANG_ENABLE_MODULES = YES;
				CLANG_ENABLE_OBJC_ARC = YES;
				CLANG_ENABLE_OBJC_WEAK = YES;
				CLANG_WARN_BLOCK_CAPTURE_AUTORELEASING = YES;
				CLANG_WARN_BOOL_CONVERSION = YES;
				CLANG_WARN_COMMA = YES;
				CLANG_WARN_CONSTANT_CONVERSION = YES;
				CLANG_WARN_DEPRECATED_OBJC_IMPLEMENTATIONS = YES;
				CLANG_WARN_DIRECT_OBJC_ISA_USAGE = YES_ERROR;
				CLANG_WARN_DOCUMENTATION_COMMENTS = YES;
				CLANG_WARN_EMPTY_BODY = YES;
				CLANG_WARN_ENUM_CONVERSION = YES;
				CLANG_WARN_INFINITE_RECURSION = YES;
				CLANG_WARN_INT_CONVERSION = YES;
				CLANG_WARN_NON_LITERAL_NULL_CONVERSION = YES;
				CLANG_WARN_OBJC_IMPLICIT_RETAIN_SELF = YES;
				CLANG_WARN_OBJC_LITERAL_CONVERSION = YES;
				CLANG_WARN_OBJC_ROOT_CLASS = YES_ERROR;
				CLANG_WARN_QUOTED_INCLUDE_IN_FRAMEWORK_HEADER = YES;
				CLANG_WARN_RANGE_LOOP_ANALYSIS = YES;
				CLANG_WARN_STRICT_PROTOTYPES = YES;
				CLANG_WARN_SUSPICIOUS_MOVE = YES;
				CLANG_WARN_UNGUARDED_AVAILABILITY = YES_AGGRESSIVE;
				CLANG_WARN_UNREACHABLE_CODE = YES;
				CLANG_WARN__DUPLICATE_METHOD_MATCH = YES;
				COPY_PHASE_STRIP = NO;
				DEBUG_INFORMATION_FORMAT = dwarf;
				ENABLE_STRICT_OBJC_MSGSEND = YES;
				ENABLE_TESTABILITY = YES;
				GCC_C_LANGUAGE_STANDARD = gnu11;
				GCC_DYNAMIC_NO_PIC = NO;
				GCC_NO_COMMON_BLOCKS = YES;
				GCC_OPTIMIZATION_LEVEL = 0;
				GCC_PREPROCESSOR_DEFINITIONS = (
					"DEBUG=1",
					"$(inherited)",
				);
				GCC_WARN_64_TO_32_BIT_CONVERSION = YES;
				GCC_WARN_ABOUT_RETURN_TYPE = YES_ERROR;
				GCC_WARN_UNDECLARED_SELECTOR = YES;
				GCC_WARN_UNINITIALIZED_AUTOS = YES_AGGRESSIVE;
				GCC_WARN_UNUSED_FUNCTION = YES;
				GCC_WARN_UNUSED_VARIABLE = YES;
				IPHONEOS_DEPLOYMENT_TARGET = 14.2;
				MTL_ENABLE_DEBUG_INFO = INCLUDE_SOURCE;
				MTL_FAST_MATH = YES;
				ONLY_ACTIVE_ARCH = YES;
				SDKROOT = iphoneos;
				SWIFT_ACTIVE_COMPILATION_CONDITIONS = DEBUG;
				SWIFT_OPTIMIZATION_LEVEL = "-Onone";
			};
			name = Debug;
		};
		FF63B4E025C1F57C006C5873 /* Release */ = {
			isa = XCBuildConfiguration;
			buildSettings = {
				ALWAYS_SEARCH_USER_PATHS = NO;
				CLANG_ANALYZER_NONNULL = YES;
				CLANG_ANALYZER_NUMBER_OBJECT_CONVERSION = YES_AGGRESSIVE;
				CLANG_CXX_LANGUAGE_STANDARD = "gnu++14";
				CLANG_CXX_LIBRARY = "libc++";
				CLANG_ENABLE_MODULES = YES;
				CLANG_ENABLE_OBJC_ARC = YES;
				CLANG_ENABLE_OBJC_WEAK = YES;
				CLANG_WARN_BLOCK_CAPTURE_AUTORELEASING = YES;
				CLANG_WARN_BOOL_CONVERSION = YES;
				CLANG_WARN_COMMA = YES;
				CLANG_WARN_CONSTANT_CONVERSION = YES;
				CLANG_WARN_DEPRECATED_OBJC_IMPLEMENTATIONS = YES;
				CLANG_WARN_DIRECT_OBJC_ISA_USAGE = YES_ERROR;
				CLANG_WARN_DOCUMENTATION_COMMENTS = YES;
				CLANG_WARN_EMPTY_BODY = YES;
				CLANG_WARN_ENUM_CONVERSION = YES;
				CLANG_WARN_INFINITE_RECURSION = YES;
				CLANG_WARN_INT_CONVERSION = YES;
				CLANG_WARN_NON_LITERAL_NULL_CONVERSION = YES;
				CLANG_WARN_OBJC_IMPLICIT_RETAIN_SELF = YES;
				CLANG_WARN_OBJC_LITERAL_CONVERSION = YES;
				CLANG_WARN_OBJC_ROOT_CLASS = YES_ERROR;
				CLANG_WARN_QUOTED_INCLUDE_IN_FRAMEWORK_HEADER = YES;
				CLANG_WARN_RANGE_LOOP_ANALYSIS = YES;
				CLANG_WARN_STRICT_PROTOTYPES = YES;
				CLANG_WARN_SUSPICIOUS_MOVE = YES;
				CLANG_WARN_UNGUARDED_AVAILABILITY = YES_AGGRESSIVE;
				CLANG_WARN_UNREACHABLE_CODE = YES;
				CLANG_WARN__DUPLICATE_METHOD_MATCH = YES;
				COPY_PHASE_STRIP = NO;
				DEBUG_INFORMATION_FORMAT = "dwarf-with-dsym";
				ENABLE_NS_ASSERTIONS = NO;
				ENABLE_STRICT_OBJC_MSGSEND = YES;
				GCC_C_LANGUAGE_STANDARD = gnu11;
				GCC_NO_COMMON_BLOCKS = YES;
				GCC_WARN_64_TO_32_BIT_CONVERSION = YES;
				GCC_WARN_ABOUT_RETURN_TYPE = YES_ERROR;
				GCC_WARN_UNDECLARED_SELECTOR = YES;
				GCC_WARN_UNINITIALIZED_AUTOS = YES_AGGRESSIVE;
				GCC_WARN_UNUSED_FUNCTION = YES;
				GCC_WARN_UNUSED_VARIABLE = YES;
				IPHONEOS_DEPLOYMENT_TARGET = 14.2;
				MTL_ENABLE_DEBUG_INFO = NO;
				MTL_FAST_MATH = YES;
				SDKROOT = iphoneos;
				SWIFT_COMPILATION_MODE = wholemodule;
				SWIFT_OPTIMIZATION_LEVEL = "-O";
				VALIDATE_PRODUCT = YES;
			};
			name = Release;
		};
		FF63B4E225C1F57C006C5873 /* Debug */ = {
			isa = XCBuildConfiguration;
			buildSettings = {
				ASSETCATALOG_COMPILER_APPICON_NAME = AppIcon;
				ASSETCATALOG_COMPILER_GLOBAL_ACCENT_COLOR_NAME = AccentColor;
				CODE_SIGN_STYLE = Automatic;
				DEVELOPMENT_TEAM = QZLVH79HKK;
				INFOPLIST_FILE = "Lesson 1 TrafficLights/Info.plist";
				LD_RUNPATH_SEARCH_PATHS = (
					"$(inherited)",
					"@executable_path/Frameworks",
				);
				PRODUCT_BUNDLE_IDENTIFIER = "Romanenko-Svetlana.Lesson-1-TrafficLights";
				PRODUCT_NAME = "$(TARGET_NAME)";
				SWIFT_VERSION = 5.0;
				TARGETED_DEVICE_FAMILY = "1,2";
			};
			name = Debug;
		};
		FF63B4E325C1F57C006C5873 /* Release */ = {
			isa = XCBuildConfiguration;
			buildSettings = {
				ASSETCATALOG_COMPILER_APPICON_NAME = AppIcon;
				ASSETCATALOG_COMPILER_GLOBAL_ACCENT_COLOR_NAME = AccentColor;
				CODE_SIGN_STYLE = Automatic;
				DEVELOPMENT_TEAM = QZLVH79HKK;
				INFOPLIST_FILE = "Lesson 1 TrafficLights/Info.plist";
				LD_RUNPATH_SEARCH_PATHS = (
					"$(inherited)",
					"@executable_path/Frameworks",
				);
				PRODUCT_BUNDLE_IDENTIFIER = "Romanenko-Svetlana.Lesson-1-TrafficLights";
				PRODUCT_NAME = "$(TARGET_NAME)";
				SWIFT_VERSION = 5.0;
				TARGETED_DEVICE_FAMILY = "1,2";
			};
			name = Release;
		};
/* End XCBuildConfiguration section */

/* Begin XCConfigurationList section */
		FF63B4C825C1F579006C5873 /* Build configuration list for PBXProject "Lesson 1 TrafficLights" */ = {
			isa = XCConfigurationList;
			buildConfigurations = (
				FF63B4DF25C1F57C006C5873 /* Debug */,
				FF63B4E025C1F57C006C5873 /* Release */,
			);
			defaultConfigurationIsVisible = 0;
			defaultConfigurationName = Release;
		};
		FF63B4E125C1F57C006C5873 /* Build configuration list for PBXNativeTarget "Lesson 1 TrafficLights" */ = {
			isa = XCConfigurationList;
			buildConfigurations = (
				FF63B4E225C1F57C006C5873 /* Debug */,
				FF63B4E325C1F57C006C5873 /* Release */,
			);
			defaultConfigurationIsVisible = 0;
			defaultConfigurationName = Release;
		};
/* End XCConfigurationList section */
	};
	rootObject = FF63B4C525C1F579006C5873 /* Project object */;
}
